filippo.io/edwards25519 v1.1.0 h1:FNf4tywRC1HmFuKW5xopWpigGjJKiJSV0Cqo0cJWDaA=
filippo.io/edwards25519 v1.1.0/go.mod h1:BxyFTGdWcka3PhytdK4V28tE5sGfRvvvRV7EaN4VDT4=
github.com/davecgh/go-spew v1.1.1 h1:vj9j/u1bqnvCEfJOwUhtlOARqs3+rkHYY13jYWTU97c=
github.com/davecgh/go-spew v1.1.1/go.mod h1:J7Y8YcW2NihsgmVo/mv3lAwl/skON4iLHjSsI+c5H38=
github.com/fragmenta/assets v1.4.0 h1:eMxrQraB9VGuIiAH+B5QJDcVVZTVr/ImDAm6/uA04hA=
github.com/fragmenta/assets v1.4.0/go.mod h1:jjJP6iPyc6uv5TmUxzabP6qtwuWqMw3k32Zne3vW6Zc=
github.com/fragmenta/auth v1.5.6 h1:cBxZYDfbtMj75tPkr9PVOnM0hSKj7P5Tbm/1a8XcXys=
github.com/fragmenta/auth v1.5.6/go.mod h1:vBhR7wvfdmF3HSxcFzkjkkcjpqhSXGOGe5FMEE737HU=
github.com/fragmenta/fragmenta-cms v1.5.5 h1:7cmcBKcitvIsUqG9tKF5C7o2botv+3TVwt5M5EP5Q08=
github.com/fragmenta/fragmenta-cms v1.5.5/go.mod h1:zU9UVcpK2BzrMj9x1rbKjOosiChBFuI87b0ahgLkvJQ=
github.com/fragmenta/mux v1.6.7 h1:7TCYtg7ttMziuCGPRHQF0IhO8bSSGf/x7TdjRLyUFS8=
github.com/fragmenta/mux v1.6.7/go.mod h1:kZalXJ8HxNttNH7XF6mGehgfElEAO0ZubavkPHHmRvQ=
github.com/fragmenta/query v1.5.5 h1:o2r9vVVo/9Q7euXnU0lTn0a7Bhce8fWLlCiuR33l3tQ=
github.com/fragmenta/query v1.5.5/go.mod h1:ABMWhk/Yi+Pr94ZXneHzNW7V/hfWHuQM4i75+Z9ilLc=
github.com/fragmenta/server v1.5.10 h1:jOvMlGiiKg9Jl0x/4tnUKAs5v22uSly8s0kexVzYGNA=
github.com/fragmenta/server v1.5.10/go.mod h1:ibY0vYkJYQTjKxRIKtnm264TYkAkarTvA+mSJcHfZJ4=
github.com/fragmenta/view v1.6.2 h1:jkbFo18ajkNW0+Z/H94F7p7bmX7W7kpHgqMxuWTFF3g=
github.com/fragmenta/view v1.6.2/go.mod h1:emCHewclrV4sA4O8j7z63RyEzQRJXSmW+SUxHqzrNEk=
github.com/go-sql-driver/mysql v1.9.0 h1:Y0zIbQXhQKmQgTp44Y1dp3wTXcn804QoTptLZT1vtvo=
github.com/go-sql-driver/mysql v1.9.0/go.mod h1:pDetrLJeA3oMujJuvXc8RJoasr589B6A9fwzD3QMrqw=
github.com/kennygrant/sanitize v1.2.4 h1:gN25/otpP5vAsO2djbMhF/LQX6R7+O1TB4yv8NzpJ3o=
github.com/kennygrant/sanitize v1.2.4/go.mod h1:LGsjYYtgxbetdg5owWB2mpgUL6e2nfw2eObZ0u0qvak=
github.com/lib/pq v1.10.9 h1:YXG7RB+JIjhP29X+OtkiDnYaXQwpS4JEWq7dtCCRUEw=
github.com/lib/pq v1.10.9/go.mod h1:AlVN5x4E4T544tWzH6hKfbfQvm3HdbOxrmggDNAPY9o=
github.com/pmezard/go-difflib v1.0.0 h1:4DBwDE0NGyQoBHbLQYPwSUPoCMWR5BEzIk/f1lZbAQM=
github.com/pmezard/go-difflib v1.0.0/go.mod h1:iKH77koFhYxTK1pcRnkKkqfTogsbg7gZNVY4sRDYZ/4=
github.com/sendgrid/rest v2.6.9+incompatible h1:1EyIcsNdn9KIisLW50MKwmSRSK+ekueiEMJ7NEoxJo0=
github.com/sendgrid/rest v2.6.9+incompatible/go.mod h1:kXX7q3jZtJXK5c5qK83bSGMdV6tsOE70KbHoqJls4lE=
github.com/sendgrid/sendgrid-go v3.16.0+incompatible h1:i8eE6IMkiCy7vusSdacHHSBUpXyTcTXy/Rl9N9aZ/Qw=
github.com/sendgrid/sendgrid-go v3.16.0+incompatible/go.mod h1:QRQt+LX/NmgVEvmdRw0VT/QgUn499+iza2FnDca9fg8=
github.com/stretchr/testify v1.10.0 h1:Xv5erBjTwe/5IxqUQTdXv5kgmIvbHo3QQyRwhJsOfJA=
github.com/stretchr/testify v1.10.0/go.mod h1:r2ic/lqez/lEtzL7wO/rwa5dbSLXVDPFyf8C91i36aY=
golang.org/x/crypto v0.36.0 h1:AnAEvhDddvBdpY+uR+MyHmuZzzNqXSe/GvuDeob5L34=
golang.org/x/crypto v0.36.0/go.mod h1:Y4J0ReaxCR1IMaabaSMugxJES1EpwhBHhv2bDHklZvc=
golang.org/x/net v0.21.0 h1:AQyQV4dYCvJ7vGmJyKki9+PBdyvhkSd8EIx/qb0AYv4=
golang.org/x/net v0.21.0/go.mod h1:bIjVDfnllIU7BJ2DNgfnXvpSvtn8VRwhlsaeUTyUS44=
golang.org/x/text v0.23.0 h1:D71I7dUrlY+VX0gQShAThNGHFxZ13dGLBHQLVl1mJlY=
golang.org/x/text v0.23.0/go.mod h1:/BLNzu4aZCJ1+kcD0DNRotWKage4q2rGVAg4o22unh4=
gopkg.in/yaml.v3 v3.0.1 h1:fxVm/GzAzEWqLHuvctI91KS9hhNmmWOoWu0XTYJS7CA=
gopkg.in/yaml.v3 v3.0.1/go.mod h1:K4uyk7z7BCEPqu6E+C64Yfv1cQ7kz7rIZviUmN+EgEM=
